// !$*UTF8*$!
{
	archiveVersion = 1;
	classes = {
	};
	objectVersion = 46;
	objects = {

/* Begin PBXBuildFile section */
		5C866A9B1EDC556200DED527 /* main.m in Sources */ = {isa = PBXBuildFile; fileRef = 5C866A9A1EDC556200DED527 /* main.m */; };
		5C866A9E1EDC556200DED527 /* AppDelegate.m in Sources */ = {isa = PBXBuildFile; fileRef = 5C866A9D1EDC556200DED527 /* AppDelegate.m */; };
		5C866AA11EDC556200DED527 /* ViewController.m in Sources */ = {isa = PBXBuildFile; fileRef = 5C866AA01EDC556200DED527 /* ViewController.m */; };
		5C866AA41EDC556200DED527 /* Main.storyboard in Resources */ = {isa = PBXBuildFile; fileRef = 5C866AA21EDC556200DED527 /* Main.storyboard */; };
		5C866AA61EDC556200DED527 /* Assets.xcassets in Resources */ = {isa = PBXBuildFile; fileRef = 5C866AA51EDC556200DED527 /* Assets.xcassets */; };
		5C866AA91EDC556200DED527 /* LaunchScreen.storyboard in Resources */ = {isa = PBXBuildFile; fileRef = 5C866AA71EDC556200DED527 /* LaunchScreen.storyboard */; };
		5C866AB41EDC556200DED527 /* DLLoopScrollViewTests.m in Sources */ = {isa = PBXBuildFile; fileRef = 5C866AB31EDC556200DED527 /* DLLoopScrollViewTests.m */; };
		5C866ABF1EDC556200DED527 /* DLLoopScrollViewUITests.m in Sources */ = {isa = PBXBuildFile; fileRef = 5C866ABE1EDC556200DED527 /* DLLoopScrollViewUITests.m */; };
		5C866ACF1EDC55AC00DED527 /* DLLoopScrollView.m in Sources */ = {isa = PBXBuildFile; fileRef = 5C866ACE1EDC55AC00DED527 /* DLLoopScrollView.m */; };
/* End PBXBuildFile section */

/* Begin PBXContainerItemProxy section */
		5C866AB01EDC556200DED527 /* PBXContainerItemProxy */ = {
			isa = PBXContainerItemProxy;
			containerPortal = 5C866A8E1EDC556200DED527 /* Project object */;
			proxyType = 1;
			remoteGlobalIDString = 5C866A951EDC556200DED527;
			remoteInfo = DLLoopScrollView;
		};
		5C866ABB1EDC556200DED527 /* PBXContainerItemProxy */ = {
			isa = PBXContainerItemProxy;
			containerPortal = 5C866A8E1EDC556200DED527 /* Project object */;
			proxyType = 1;
			remoteGlobalIDString = 5C866A951EDC556200DED527;
			remoteInfo = DLLoopScrollView;
		};
/* End PBXContainerItemProxy section */

/* Begin PBXFileReference section */
		5C866A961EDC556200DED527 /* DLLoopScrollView.app */ = {isa = PBXFileReference; explicitFileType = wrapper.application; includeInIndex = 0; path = DLLoopScrollView.app; sourceTree = BUILT_PRODUCTS_DIR; };
		5C866A9A1EDC556200DED527 /* main.m */ = {isa = PBXFileReference; lastKnownFileType = sourcecode.c.objc; path = main.m; sourceTree = "<group>"; };
		5C866A9C1EDC556200DED527 /* AppDelegate.h */ = {isa = PBXFileReference; lastKnownFileType = sourcecode.c.h; path = AppDelegate.h; sourceTree = "<group>"; };
		5C866A9D1EDC556200DED527 /* AppDelegate.m */ = {isa = PBXFileReference; lastKnownFileType = sourcecode.c.objc; path = AppDelegate.m; sourceTree = "<group>"; };
		5C866A9F1EDC556200DED527 /* ViewController.h */ = {isa = PBXFileReference; lastKnownFileType = sourcecode.c.h; path = ViewController.h; sourceTree = "<group>"; };
		5C866AA01EDC556200DED527 /* ViewController.m */ = {isa = PBXFileReference; lastKnownFileType = sourcecode.c.objc; path = ViewController.m; sourceTree = "<group>"; };
		5C866AA31EDC556200DED527 /* Base */ = {isa = PBXFileReference; lastKnownFileType = file.storyboard; name = Base; path = Base.lproj/Main.storyboard; sourceTree = "<group>"; };
		5C866AA51EDC556200DED527 /* Assets.xcassets */ = {isa = PBXFileReference; lastKnownFileType = folder.assetcatalog; path = Assets.xcassets; sourceTree = "<group>"; };
		5C866AA81EDC556200DED527 /* Base */ = {isa = PBXFileReference; lastKnownFileType = file.storyboard; name = Base; path = Base.lproj/LaunchScreen.storyboard; sourceTree = "<group>"; };
		5C866AAA1EDC556200DED527 /* Info.plist */ = {isa = PBXFileReference; lastKnownFileType = text.plist.xml; path = Info.plist; sourceTree = "<group>"; };
		5C866AAF1EDC556200DED527 /* DLLoopScrollViewTests.xctest */ = {isa = PBXFileReference; explicitFileType = wrapper.cfbundle; includeInIndex = 0; path = DLLoopScrollViewTests.xctest; sourceTree = BUILT_PRODUCTS_DIR; };
		5C866AB31EDC556200DED527 /* DLLoopScrollViewTests.m */ = {isa = PBXFileReference; lastKnownFileType = sourcecode.c.objc; path = DLLoopScrollViewTests.m; sourceTree = "<group>"; };
		5C866AB51EDC556200DED527 /* Info.plist */ = {isa = PBXFileReference; lastKnownFileType = text.plist.xml; path = Info.plist; sourceTree = "<group>"; };
		5C866ABA1EDC556200DED527 /* DLLoopScrollViewUITests.xctest */ = {isa = PBXFileReference; explicitFileType = wrapper.cfbundle; includeInIndex = 0; path = DLLoopScrollViewUITests.xctest; sourceTree = BUILT_PRODUCTS_DIR; };
		5C866ABE1EDC556200DED527 /* DLLoopScrollViewUITests.m */ = {isa = PBXFileReference; lastKnownFileType = sourcecode.c.objc; path = DLLoopScrollViewUITests.m; sourceTree = "<group>"; };
		5C866AC01EDC556200DED527 /* Info.plist */ = {isa = PBXFileReference; lastKnownFileType = text.plist.xml; path = Info.plist; sourceTree = "<group>"; };
		5C866ACD1EDC55AC00DED527 /* DLLoopScrollView.h */ = {isa = PBXFileReference; fileEncoding = 4; lastKnownFileType = sourcecode.c.h; path = DLLoopScrollView.h; sourceTree = "<group>"; };
		5C866ACE1EDC55AC00DED527 /* DLLoopScrollView.m */ = {isa = PBXFileReference; fileEncoding = 4; lastKnownFileType = sourcecode.c.objc; path = DLLoopScrollView.m; sourceTree = "<group>"; };
/* End PBXFileReference section */

/* Begin PBXFrameworksBuildPhase section */
		5C866A931EDC556200DED527 /* Frameworks */ = {
			isa = PBXFrameworksBuildPhase;
			buildActionMask = 2147483647;
			files = (
			);
			runOnlyForDeploymentPostprocessing = 0;
		};
		5C866AAC1EDC556200DED527 /* Frameworks */ = {
			isa = PBXFrameworksBuildPhase;
			buildActionMask = 2147483647;
			files = (
			);
			runOnlyForDeploymentPostprocessing = 0;
		};
		5C866AB71EDC556200DED527 /* Frameworks */ = {
			isa = PBXFrameworksBuildPhase;
			buildActionMask = 2147483647;
			files = (
			);
			runOnlyForDeploymentPostprocessing = 0;
		};
/* End PBXFrameworksBuildPhase section */

/* Begin PBXGroup section */
		5C866A8D1EDC556200DED527 = {
			isa = PBXGroup;
			children = (
				5C866A981EDC556200DED527 /* DLLoopScrollView */,
				5C866AB21EDC556200DED527 /* DLLoopScrollViewTests */,
				5C866ABD1EDC556200DED527 /* DLLoopScrollViewUITests */,
				5C866A971EDC556200DED527 /* Products */,
			);
			sourceTree = "<group>";
		};
		5C866A971EDC556200DED527 /* Products */ = {
			isa = PBXGroup;
			children = (
				5C866A961EDC556200DED527 /* DLLoopScrollView.app */,
				5C866AAF1EDC556200DED527 /* DLLoopScrollViewTests.xctest */,
				5C866ABA1EDC556200DED527 /* DLLoopScrollViewUITests.xctest */,
			);
			name = Products;
			sourceTree = "<group>";
		};
		5C866A981EDC556200DED527 /* DLLoopScrollView */ = {
			isa = PBXGroup;
			children = (
				5C866ACC1EDC55AC00DED527 /* DLLoopScrollView */,
				5C866A9F1EDC556200DED527 /* ViewController.h */,
				5C866AA01EDC556200DED527 /* ViewController.m */,
				5C866A991EDC556200DED527 /* Supporting Files */,
			);
			path = DLLoopScrollView;
			sourceTree = "<group>";
		};
		5C866A991EDC556200DED527 /* Supporting Files */ = {
			isa = PBXGroup;
			children = (
				5C866A9C1EDC556200DED527 /* AppDelegate.h */,
				5C866A9D1EDC556200DED527 /* AppDelegate.m */,
				5C866AA21EDC556200DED527 /* Main.storyboard */,
				5C866AA51EDC556200DED527 /* Assets.xcassets */,
				5C866AA71EDC556200DED527 /* LaunchScreen.storyboard */,
				5C866AAA1EDC556200DED527 /* Info.plist */,
				5C866A9A1EDC556200DED527 /* main.m */,
			);
			name = "Supporting Files";
			sourceTree = "<group>";
		};
		5C866AB21EDC556200DED527 /* DLLoopScrollViewTests */ = {
			isa = PBXGroup;
			children = (
				5C866AB31EDC556200DED527 /* DLLoopScrollViewTests.m */,
				5C866AB51EDC556200DED527 /* Info.plist */,
			);
			path = DLLoopScrollViewTests;
			sourceTree = "<group>";
		};
		5C866ABD1EDC556200DED527 /* DLLoopScrollViewUITests */ = {
			isa = PBXGroup;
			children = (
				5C866ABE1EDC556200DED527 /* DLLoopScrollViewUITests.m */,
				5C866AC01EDC556200DED527 /* Info.plist */,
			);
			path = DLLoopScrollViewUITests;
			sourceTree = "<group>";
		};
		5C866ACC1EDC55AC00DED527 /* DLLoopScrollView */ = {
			isa = PBXGroup;
			children = (
				5C866ACD1EDC55AC00DED527 /* DLLoopScrollView.h */,
				5C866ACE1EDC55AC00DED527 /* DLLoopScrollView.m */,
			);
			path = DLLoopScrollView;
			sourceTree = "<group>";
		};
/* End PBXGroup section */

/* Begin PBXNativeTarget section */
		5C866A951EDC556200DED527 /* DLLoopScrollView */ = {
			isa = PBXNativeTarget;
			buildConfigurationList = 5C866AC31EDC556200DED527 /* Build configuration list for PBXNativeTarget "DLLoopScrollView" */;
			buildPhases = (
				5C866A921EDC556200DED527 /* Sources */,
				5C866A931EDC556200DED527 /* Frameworks */,
				5C866A941EDC556200DED527 /* Resources */,
			);
			buildRules = (
			);
			dependencies = (
			);
			name = DLLoopScrollView;
			productName = DLLoopScrollView;
			productReference = 5C866A961EDC556200DED527 /* DLLoopScrollView.app */;
			productType = "com.apple.product-type.application";
		};
		5C866AAE1EDC556200DED527 /* DLLoopScrollViewTests */ = {
			isa = PBXNativeTarget;
			buildConfigurationList = 5C866AC61EDC556200DED527 /* Build configuration list for PBXNativeTarget "DLLoopScrollViewTests" */;
			buildPhases = (
				5C866AAB1EDC556200DED527 /* Sources */,
				5C866AAC1EDC556200DED527 /* Frameworks */,
				5C866AAD1EDC556200DED527 /* Resources */,
			);
			buildRules = (
			);
			dependencies = (
				5C866AB11EDC556200DED527 /* PBXTargetDependency */,
			);
			name = DLLoopScrollViewTests;
			productName = DLLoopScrollViewTests;
			productReference = 5C866AAF1EDC556200DED527 /* DLLoopScrollViewTests.xctest */;
			productType = "com.apple.product-type.bundle.unit-test";
		};
		5C866AB91EDC556200DED527 /* DLLoopScrollViewUITests */ = {
			isa = PBXNativeTarget;
			buildConfigurationList = 5C866AC91EDC556200DED527 /* Build configuration list for PBXNativeTarget "DLLoopScrollViewUITests" */;
			buildPhases = (
				5C866AB61EDC556200DED527 /* Sources */,
				5C866AB71EDC556200DED527 /* Frameworks */,
				5C866AB81EDC556200DED527 /* Resources */,
			);
			buildRules = (
			);
			dependencies = (
				5C866ABC1EDC556200DED527 /* PBXTargetDependency */,
			);
			name = DLLoopScrollViewUITests;
			productName = DLLoopScrollViewUITests;
			productReference = 5C866ABA1EDC556200DED527 /* DLLoopScrollViewUITests.xctest */;
			productType = "com.apple.product-type.bundle.ui-testing";
		};
/* End PBXNativeTarget section */

/* Begin PBXProject section */
		5C866A8E1EDC556200DED527 /* Project object */ = {
			isa = PBXProject;
			attributes = {
				LastUpgradeCheck = 0830;
				ORGANIZATIONNAME = lixu;
				TargetAttributes = {
					5C866A951EDC556200DED527 = {
						CreatedOnToolsVersion = 8.3.2;
						DevelopmentTeam = YJW6Z2DGX9;
						ProvisioningStyle = Automatic;
					};
					5C866AAE1EDC556200DED527 = {
						CreatedOnToolsVersion = 8.3.2;
						DevelopmentTeam = YJW6Z2DGX9;
						ProvisioningStyle = Automatic;
						TestTargetID = 5C866A951EDC556200DED527;
					};
					5C866AB91EDC556200DED527 = {
						CreatedOnToolsVersion = 8.3.2;
						DevelopmentTeam = YJW6Z2DGX9;
						ProvisioningStyle = Automatic;
						TestTargetID = 5C866A951EDC556200DED527;
					};
				};
			};
			buildConfigurationList = 5C866A911EDC556200DED527 /* Build configuration list for PBXProject "DLLoopScrollView" */;
			compatibilityVersion = "Xcode 3.2";
			developmentRegion = English;
			hasScannedForEncodings = 0;
			knownRegions = (
				en,
				Base,
			);
			mainGroup = 5C866A8D1EDC556200DED527;
			productRefGroup = 5C866A971EDC556200DED527 /* Products */;
			projectDirPath = "";
			projectRoot = "";
			targets = (
				5C866A951EDC556200DED527 /* DLLoopScrollView */,
				5C866AAE1EDC556200DED527 /* DLLoopScrollViewTests */,
				5C866AB91EDC556200DED527 /* DLLoopScrollViewUITests */,
			);
		};
/* End PBXProject section */

/* Begin PBXResourcesBuildPhase section */
		5C866A941EDC556200DED527 /* Resources */ = {
			isa = PBXResourcesBuildPhase;
			buildActionMask = 2147483647;
			files = (
				5C866AA91EDC556200DED527 /* LaunchScreen.storyboard in Resources */,
				5C866AA61EDC556200DED527 /* Assets.xcassets in Resources */,
				5C866AA41EDC556200DED527 /* Main.storyboard in Resources */,
			);
			runOnlyForDeploymentPostprocessing = 0;
		};
		5C866AAD1EDC556200DED527 /* Resources */ = {
			isa = PBXResourcesBuildPhase;
			buildActionMask = 2147483647;
			files = (
			);
			runOnlyForDeploymentPostprocessing = 0;
		};
		5C866AB81EDC556200DED527 /* Resources */ = {
			isa = PBXResourcesBuildPhase;
			buildActionMask = 2147483647;
			files = (
			);
			runOnlyForDeploymentPostprocessing = 0;
		};
/* End PBXResourcesBuildPhase section */

/* Begin PBXSourcesBuildPhase section */
		5C866A921EDC556200DED527 /* Sources */ = {
			isa = PBXSourcesBuildPhase;
			buildActionMask = 2147483647;
			files = (
				5C866AA11EDC556200DED527 /* ViewController.m in Sources */,
				5C866ACF1EDC55AC00DED527 /* DLLoopScrollView.m in Sources */,
				5C866A9E1EDC556200DED527 /* AppDelegate.m in Sources */,
				5C866A9B1EDC556200DED527 /* main.m in Sources */,
			);
			runOnlyForDeploymentPostprocessing = 0;
		};
		5C866AAB1EDC556200DED527 /* Sources */ = {
			isa = PBXSourcesBuildPhase;
			buildActionMask = 2147483647;
			files = (
				5C866AB41EDC556200DED527 /* DLLoopScrollViewTests.m in Sources */,
			);
			runOnlyForDeploymentPostprocessing = 0;
		};
		5C866AB61EDC556200DED527 /* Sources */ = {
			isa = PBXSourcesBuildPhase;
			buildActionMask = 2147483647;
			files = (
				5C866ABF1EDC556200DED527 /* DLLoopScrollViewUITests.m in Sources */,
			);
			runOnlyForDeploymentPostprocessing = 0;
		};
/* End PBXSourcesBuildPhase section */

/* Begin PBXTargetDependency section */
		5C866AB11EDC556200DED527 /* PBXTargetDependency */ = {
			isa = PBXTargetDependency;
			target = 5C866A951EDC556200DED527 /* DLLoopScrollView */;
			targetProxy = 5C866AB01EDC556200DED527 /* PBXContainerItemProxy */;
		};
		5C866ABC1EDC556200DED527 /* PBXTargetDependency */ = {
			isa = PBXTargetDependency;
			target = 5C866A951EDC556200DED527 /* DLLoopScrollView */;
			targetProxy = 5C866ABB1EDC556200DED527 /* PBXContainerItemProxy */;
		};
/* End PBXTargetDependency section */

/* Begin PBXVariantGroup section */
		5C866AA21EDC556200DED527 /* Main.storyboard */ = {
			isa = PBXVariantGroup;
			children = (
				5C866AA31EDC556200DED527 /* Base */,
			);
			name = Main.storyboard;
			sourceTree = "<group>";
		};
		5C866AA71EDC556200DED527 /* LaunchScreen.storyboard */ = {
			isa = PBXVariantGroup;
			children = (
				5C866AA81EDC556200DED527 /* Base */,
			);
			name = LaunchScreen.storyboard;
			sourceTree = "<group>";
		};
/* End PBXVariantGroup section */

/* Begin XCBuildConfiguration section */
		5C866AC11EDC556200DED527 /* Debug */ = {
			isa = XCBuildConfiguration;
			buildSettings = {
				ALWAYS_SEARCH_USER_PATHS = NO;
				CLANG_ANALYZER_NONNULL = YES;
				CLANG_ANALYZER_NUMBER_OBJECT_CONVERSION = YES_AGGRESSIVE;
				CLANG_CXX_LANGUAGE_STANDARD = "gnu++0x";
				CLANG_CXX_LIBRARY = "libc++";
				CLANG_ENABLE_MODULES = YES;
				CLANG_ENABLE_OBJC_ARC = YES;
				CLANG_WARN_BOOL_CONVERSION = YES;
				CLANG_WARN_CONSTANT_CONVERSION = YES;
				CLANG_WARN_DIRECT_OBJC_ISA_USAGE = YES_ERROR;
				CLANG_WARN_DOCUMENTATION_COMMENTS = YES;
				CLANG_WARN_EMPTY_BODY = YES;
				CLANG_WARN_ENUM_CONVERSION = YES;
				CLANG_WARN_INFINITE_RECURSION = YES;
				CLANG_WARN_INT_CONVERSION = YES;
				CLANG_WARN_OBJC_ROOT_CLASS = YES_ERROR;
				CLANG_WARN_SUSPICIOUS_MOVE = YES;
				CLANG_WARN_UNREACHABLE_CODE = YES;
				CLANG_WARN__DUPLICATE_METHOD_MATCH = YES;
				"CODE_SIGN_IDENTITY[sdk=iphoneos*]" = "iPhone Developer";
				COPY_PHASE_STRIP = NO;
				DEBUG_INFORMATION_FORMAT = dwarf;
				ENABLE_STRICT_OBJC_MSGSEND = YES;
				ENABLE_TESTABILITY = YES;
				GCC_C_LANGUAGE_STANDARD = gnu99;
				GCC_DYNAMIC_NO_PIC = NO;
				GCC_NO_COMMON_BLOCKS = YES;
				GCC_OPTIMIZATION_LEVEL = 0;
				GCC_PREPROCESSOR_DEFINITIONS = (
					"DEBUG=1",
					"$(inherited)",
				);
				GCC_WARN_64_TO_32_BIT_CONVERSION = YES;
				GCC_WARN_ABOUT_RETURN_TYPE = YES_ERROR;
				GCC_WARN_UNDECLARED_SELECTOR = YES;
				GCC_WARN_UNINITIALIZED_AUTOS = YES_AGGRESSIVE;
				GCC_WARN_UNUSED_FUNCTION = YES;
				GCC_WARN_UNUSED_VARIABLE = YES;
				IPHONEOS_DEPLOYMENT_TARGET = 10.3;
				MTL_ENABLE_DEBUG_INFO = YES;
				ONLY_ACTIVE_ARCH = YES;
				SDKROOT = iphoneos;
				TARGETED_DEVICE_FAMILY = "1,2";
			};
			name = Debug;
		};
		5C866AC21EDC556200DED527 /* Release */ = {
			isa = XCBuildConfiguration;
			buildSettings = {
				ALWAYS_SEARCH_USER_PATHS = NO;
				CLANG_ANALYZER_NONNULL = YES;
				CLANG_ANALYZER_NUMBER_OBJECT_CONVERSION = YES_AGGRESSIVE;
				CLANG_CXX_LANGUAGE_STANDARD = "gnu++0x";
				CLANG_CXX_LIBRARY = "libc++";
				CLANG_ENABLE_MODULES = YES;
				CLANG_ENABLE_OBJC_ARC = YES;
				CLANG_WARN_BOOL_CONVERSION = YES;
				CLANG_WARN_CONSTANT_CONVERSION = YES;
				CLANG_WARN_DIRECT_OBJC_ISA_USAGE = YES_ERROR;
				CLANG_WARN_DOCUMENTATION_COMMENTS = YES;
				CLANG_WARN_EMPTY_BODY = YES;
				CLANG_WARN_ENUM_CONVERSION = YES;
				CLANG_WARN_INFINITE_RECURSION = YES;
				CLANG_WARN_INT_CONVERSION = YES;
				CLANG_WARN_OBJC_ROOT_CLASS = YES_ERROR;
				CLANG_WARN_SUSPICIOUS_MOVE = YES;
				CLANG_WARN_UNREACHABLE_CODE = YES;
				CLANG_WARN__DUPLICATE_METHOD_MATCH = YES;
				"CODE_SIGN_IDENTITY[sdk=iphoneos*]" = "iPhone Developer";
				COPY_PHASE_STRIP = NO;
				DEBUG_INFORMATION_FORMAT = "dwarf-with-dsym";
				ENABLE_NS_ASSERTIONS = NO;
				ENABLE_STRICT_OBJC_MSGSEND = YES;
				GCC_C_LANGUAGE_STANDARD = gnu99;
				GCC_NO_COMMON_BLOCKS = YES;
				GCC_WARN_64_TO_32_BIT_CONVERSION = YES;
				GCC_WARN_ABOUT_RETURN_TYPE = YES_ERROR;
				GCC_WARN_UNDECLARED_SELECTOR = YES;
				GCC_WARN_UNINITIALIZED_AUTOS = YES_AGGRESSIVE;
				GCC_WARN_UNUSED_FUNCTION = YES;
				GCC_WARN_UNUSED_VARIABLE = YES;
				IPHONEOS_DEPLOYMENT_TARGET = 10.3;
				MTL_ENABLE_DEBUG_INFO = NO;
				SDKROOT = iphoneos;
				TARGETED_DEVICE_FAMILY = "1,2";
				VALIDATE_PRODUCT = YES;
			};
			name = Release;
		};
		5C866AC41EDC556200DED527 /* Debug */ = {
			isa = XCBuildConfiguration;
			buildSettings = {
				ASSETCATALOG_COMPILER_APPICON_NAME = AppIcon;
				DEVELOPMENT_TEAM = YJW6Z2DGX9;
				INFOPLIST_FILE = DLLoopScrollView/Info.plist;
				LD_RUNPATH_SEARCH_PATHS = "$(inherited) @executable_path/Frameworks";
				PRODUCT_BUNDLE_IDENTIFIER = "lixu.dennislee-gamil.com.DLLoopScrollView";
				PRODUCT_NAME = "$(TARGET_NAME)";
			};
			name = Debug;
		};
		5C866AC51EDC556200DED527 /* Release */ = {
			isa = XCBuildConfiguration;
			buildSettings = {
				ASSETCATALOG_COMPILER_APPICON_NAME = AppIcon;
				DEVELOPMENT_TEAM = YJW6Z2DGX9;
				INFOPLIST_FILE = DLLoopScrollView/Info.plist;
				LD_RUNPATH_SEARCH_PATHS = "$(inherited) @executable_path/Frameworks";
				PRODUCT_BUNDLE_IDENTIFIER = "lixu.dennislee-gamil.com.DLLoopScrollView";
				PRODUCT_NAME = "$(TARGET_NAME)";
			};
			name = Release;
		};
		5C866AC71EDC556200DED527 /* Debug */ = {
			isa = XCBuildConfiguration;
			buildSettings = {
				BUNDLE_LOADER = "$(TEST_HOST)";
				DEVELOPMENT_TEAM = YJW6Z2DGX9;
				INFOPLIST_FILE = DLLoopScrollViewTests/Info.plist;
				LD_RUNPATH_SEARCH_PATHS = "$(inherited) @executable_path/Frameworks @loader_path/Frameworks";
				PRODUCT_BUNDLE_IDENTIFIER = "lixu.dennislee-gamil.com.DLLoopScrollViewTests";
				PRODUCT_NAME = "$(TARGET_NAME)";
				TEST_HOST = "$(BUILT_PRODUCTS_DIR)/DLLoopScrollView.app/DLLoopScrollView";
			};
			name = Debug;
		};
		5C866AC81EDC556200DED527 /* Release */ = {
			isa = XCBuildConfiguration;
			buildSettings = {
				BUNDLE_LOADER = "$(TEST_HOST)";
				DEVELOPMENT_TEAM = YJW6Z2DGX9;
				INFOPLIST_FILE = DLLoopScrollViewTests/Info.plist;
				LD_RUNPATH_SEARCH_PATHS = "$(inherited) @executable_path/Frameworks @loader_path/Frameworks";
				PRODUCT_BUNDLE_IDENTIFIER = "lixu.dennislee-gamil.com.DLLoopScrollViewTests";
				PRODUCT_NAME = "$(TARGET_NAME)";
				TEST_HOST = "$(BUILT_PRODUCTS_DIR)/DLLoopScrollView.app/DLLoopScrollView";
			};
			name = Release;
		};
		5C866ACA1EDC556200DED527 /* Debug */ = {
			isa = XCBuildConfiguration;
			buildSettings = {
				DEVELOPMENT_TEAM = YJW6Z2DGX9;
				INFOPLIST_FILE = DLLoopScrollViewUITests/Info.plist;
				LD_RUNPATH_SEARCH_PATHS = "$(inherited) @executable_path/Frameworks @loader_path/Frameworks";
				PRODUCT_BUNDLE_IDENTIFIER = "lixu.dennislee-gamil.com.DLLoopScrollViewUITests";
				PRODUCT_NAME = "$(TARGET_NAME)";
				TEST_TARGET_NAME = DLLoopScrollView;
			};
			name = Debug;
		};
		5C866ACB1EDC556200DED527 /* Release */ = {
			isa = XCBuildConfiguration;
			buildSettings = {
				DEVELOPMENT_TEAM = YJW6Z2DGX9;
				INFOPLIST_FILE = DLLoopScrollViewUITests/Info.plist;
				LD_RUNPATH_SEARCH_PATHS = "$(inherited) @executable_path/Frameworks @loader_path/Frameworks";
				PRODUCT_BUNDLE_IDENTIFIER = "lixu.dennislee-gamil.com.DLLoopScrollViewUITests";
				PRODUCT_NAME = "$(TARGET_NAME)";
				TEST_TARGET_NAME = DLLoopScrollView;
			};
			name = Release;
		};
/* End XCBuildConfiguration section */

/* Begin XCConfigurationList section */
		5C866A911EDC556200DED527 /* Build configuration list for PBXProject "DLLoopScrollView" */ = {
			isa = XCConfigurationList;
			buildConfigurations = (
				5C866AC11EDC556200DED527 /* Debug */,
				5C866AC21EDC556200DED527 /* Release */,
			);
			defaultConfigurationIsVisible = 0;
			defaultConfigurationName = Release;
		};
		5C866AC31EDC556200DED527 /* Build configuration list for PBXNativeTarget "DLLoopScrollView" */ = {
			isa = XCConfigurationList;
			buildConfigurations = (
				5C866AC41EDC556200DED527 /* Debug */,
				5C866AC51EDC556200DED527 /* Release */,
			);
			defaultConfigurationIsVisible = 0;
		};
		5C866AC61EDC556200DED527 /* Build configuration list for PBXNativeTarget "DLLoopScrollViewTests" */ = {
			isa = XCConfigurationList;
			buildConfigurations = (
				5C866AC71EDC556200DED527 /* Debug */,
				5C866AC81EDC556200DED527 /* Release */,
			);
			defaultConfigurationIsVisible = 0;
		};
		5C866AC91EDC556200DED527 /* Build configuration list for PBXNativeTarget "DLLoopScrollViewUITests" */ = {
			isa = XCConfigurationList;
			buildConfigurations = (
				5C866ACA1EDC556200DED527 /* Debug */,
				5C866ACB1EDC556200DED527 /* Release */,
			);
			defaultConfigurationIsVisible = 0;
		};
/* End XCConfigurationList section */
	};
	rootObject = 5C866A8E1EDC556200DED527 /* Project object */;
}
